
Microsoft Visual Studio Solution File, Format Version 12.00
# Visual Studio Version 16
VisualStudioVersion = 16.0.32929.386
MinimumVisualStudioVersion = 10.0.40219.1
Project("{FAE04EC0-301F-11D3-BF4B-00C04F79EFBC}") = "KutuphaneProgrami", "KutuphaneProgrami\KutuphaneProgrami.csproj", "{012DC22A-CD91-4562-9A0B-FF3CCB865BF9}"
EndProject
Global
	GlobalSection(SolutionConfigurationPlatforms) = preSolution
		Debug|Any CPU = Debug|Any CPU
		Release|Any CPU = Release|Any CPU
	EndGlobalSection
	GlobalSection(ProjectConfigurationPlatforms) = postSolution
		{012DC22A-CD91-4562-9A0B-FF3CCB865BF9}.Debug|Any CPU.ActiveCfg = Debug|Any CPU
		{012DC22A-CD91-4562-9A0B-FF3CCB865BF9}.Debug|Any CPU.Build.0 = Debug|Any CPU
		{012DC22A-CD91-4562-9A0B-FF3CCB865BF9}.Release|Any CPU.ActiveCfg = Release|Any CPU
		{012DC22A-CD91-4562-9A0B-FF3CCB865BF9}.Release|Any CPU.Build.0 = Release|Any CPU
	EndGlobalSection
	GlobalSection(SolutionProperties) = preSolution
		HideSolutionNode = FALSE
	EndGlobalSection
	GlobalSection(ExtensibilityGlobals) = postSolution
		SolutionGuid = {4F872C92-F788-4762-82B4-7F6E1B9CCADC}
	EndGlobalSection
EndGlobal
